
Microsoft Visual Studio Solution File, Format Version 12.00
# Visual Studio 15
VisualStudioVersion = 15.0.27703.2042
MinimumVisualStudioVersion = 10.0.40219.1
Project("{FAE04EC0-301F-11D3-BF4B-00C04F79EFBC}") = "AverageConsoleApp", "AverageConsoleApp\AverageConsoleApp.csproj", "{DF8839A9-70FB-4C52-B584-3A4B95B183BF}"
EndProject
Global
	GlobalSection(SolutionConfigurationPlatforms) = preSolution
		Debug|Any CPU = Debug|Any CPU
		Release|Any CPU = Release|Any CPU
	EndGlobalSection
	GlobalSection(ProjectConfigurationPlatforms) = postSolution
		{DF8839A9-70FB-4C52-B584-3A4B95B183BF}.Debug|Any CPU.ActiveCfg = Debug|Any CPU
		{DF8839A9-70FB-4C52-B584-3A4B95B183BF}.Debug|Any CPU.Build.0 = Debug|Any CPU
		{DF8839A9-70FB-4C52-B584-3A4B95B183BF}.Release|Any CPU.ActiveCfg = Release|Any CPU
		{DF8839A9-70FB-4C52-B584-3A4B95B183BF}.Release|Any CPU.Build.0 = Release|Any CPU
	EndGlobalSection
	GlobalSection(SolutionProperties) = preSolution
		HideSolutionNode = FALSE
	EndGlobalSection
	GlobalSection(ExtensibilityGlobals) = postSolution
		SolutionGuid = {09BFF617-D83A-40F5-B95C-BF945B0DFEA9}
	EndGlobalSection
EndGlobal
